{
  "name": "interview",
  "lockfileVersion": 3,
  "requires": true,
  "packages": {
    "": {
      "dependencies": {
        "@trpc/client": "^11.0.0-rc.808",
        "@trpc/server": "^11.0.0-rc.808"
      }
    },
    "node_modules/@trpc/client": {
      "version": "11.0.0-rc.808",
      "resolved": "https://registry.npmjs.org/@trpc/client/-/client-11.0.0-rc.808.tgz",
      "integrity": "sha512-k0qRkkU/04r5mcGKIT8VCHzp8j7PQVD6Rmo9eWkfatJmgHKT5lQtCwDV04dnTjBFSIi5SePAf6N+OVTOGnt3Sw==",
      "funding": [
        "https://trpc.io/sponsor"
      ],
      "license": "MIT",
      "peerDependencies": {
        "@trpc/server": "11.0.0-rc.808+4df1eb8fa",
        "typescript": ">=5.7.2"
      }
    },
    "node_modules/@trpc/server": {
      "version": "11.0.0-rc.808",
      "resolved": "https://registry.npmjs.org/@trpc/server/-/server-11.0.0-rc.808.tgz",
      "integrity": "sha512-pWDQGXqEQ/RpLJFpzHL8/XV53jvy7aUpcbgnckAZ23o9/pi7632HP2KWAMOvMwsU6mvwHU3/dKPhKIBbadmlBQ==",
      "funding": [
        "https://trpc.io/sponsor"
      ],
      "license": "MIT",
      "peerDependencies": {
        "typescript": ">=5.7.2"
      }
    },
    "node_modules/typescript": {
      "version": "5.7.3",
      "resolved": "https://registry.npmjs.org/typescript/-/typescript-5.7.3.tgz",
      "integrity": "sha512-84MVSjMEHP+FQRPy3pX9sTVV/INIex71s9TL2Gm5FG/WG1SqXeKyZ0k7/blY/4FdOzI12CBy1vGc4og/eus0fw==",
      "license": "Apache-2.0",
      "peer": true,
      "bin": {
        "tsc": "bin/tsc",
        "tsserver": "bin/tsserver"
      },
      "engines": {
        "node": ">=14.17"
      }
    }
  }
}
